// !$*UTF8*$!
{
	archiveVersion = 1;
	classes = {
	};
	objectVersion = 46;
	objects = {

/* Begin PBXBuildFile section */
		0CF46D9A1B04A7F800578733 /* main.m in Sources */ = {isa = PBXBuildFile; fileRef = 0CF46D991B04A7F800578733 /* main.m */; };
		0CF46D9D1B04A7F800578733 /* AppDelegate.m in Sources */ = {isa = PBXBuildFile; fileRef = 0CF46D9C1B04A7F800578733 /* AppDelegate.m */; };
		0CF46DA31B04A7F800578733 /* Main.storyboard in Resources */ = {isa = PBXBuildFile; fileRef = 0CF46DA11B04A7F800578733 /* Main.storyboard */; };
		0CF46DA51B04A7F800578733 /* Images.xcassets in Resources */ = {isa = PBXBuildFile; fileRef = 0CF46DA41B04A7F800578733 /* Images.xcassets */; };
		0CF46DA81B04A7F800578733 /* LaunchScreen.xib in Resources */ = {isa = PBXBuildFile; fileRef = 0CF46DA61B04A7F800578733 /* LaunchScreen.xib */; };
		0CF46DB41B04A7F800578733 /* TypeFormTests.m in Sources */ = {isa = PBXBuildFile; fileRef = 0CF46DB31B04A7F800578733 /* TypeFormTests.m */; };
		0CF46DBF1B04A82100578733 /* Form.m in Sources */ = {isa = PBXBuildFile; fileRef = 0CF46DBE1B04A82100578733 /* Form.m */; };
		0CF46DC21B04A82C00578733 /* Field.m in Sources */ = {isa = PBXBuildFile; fileRef = 0CF46DC11B04A82C00578733 /* Field.m */; };
		0CF46DC71B04A94300578733 /* Link.m in Sources */ = {isa = PBXBuildFile; fileRef = 0CF46DC61B04A94300578733 /* Link.m */; };
		0CF46DCA1B04AC0100578733 /* FormListViewController.m in Sources */ = {isa = PBXBuildFile; fileRef = 0CF46DC91B04AC0100578733 /* FormListViewController.m */; };
		0CF46DCD1B04AC1D00578733 /* CreateFormViewController.m in Sources */ = {isa = PBXBuildFile; fileRef = 0CF46DCC1B04AC1D00578733 /* CreateFormViewController.m */; };
		0CF46DD01B04AC2C00578733 /* CreateFieldViewController.m in Sources */ = {isa = PBXBuildFile; fileRef = 0CF46DCF1B04AC2C00578733 /* CreateFieldViewController.m */; };
		0CF46DD31B04AC9700578733 /* FormViewController.m in Sources */ = {isa = PBXBuildFile; fileRef = 0CF46DD21B04AC9700578733 /* FormViewController.m */; };
		0CF46DD61B04ADEB00578733 /* Bolts.framework in Frameworks */ = {isa = PBXBuildFile; fileRef = 0CF46DD41B04ADEB00578733 /* Bolts.framework */; };
		0CF46DD71B04ADEB00578733 /* Parse.framework in Frameworks */ = {isa = PBXBuildFile; fileRef = 0CF46DD51B04ADEB00578733 /* Parse.framework */; };
		0CF46DE31B04AE6800578733 /* AudioToolbox.framework in Frameworks */ = {isa = PBXBuildFile; fileRef = 0CF46DD81B04AE6800578733 /* AudioToolbox.framework */; };
		0CF46DE41B04AE6800578733 /* CFNetwork.framework in Frameworks */ = {isa = PBXBuildFile; fileRef = 0CF46DD91B04AE6800578733 /* CFNetwork.framework */; };
		0CF46DE51B04AE6800578733 /* CoreGraphics.framework in Frameworks */ = {isa = PBXBuildFile; fileRef = 0CF46DDA1B04AE6800578733 /* CoreGraphics.framework */; };
		0CF46DE61B04AE6800578733 /* CoreLocation.framework in Frameworks */ = {isa = PBXBuildFile; fileRef = 0CF46DDB1B04AE6800578733 /* CoreLocation.framework */; };
		0CF46DE71B04AE6800578733 /* libsqlite3.dylib in Frameworks */ = {isa = PBXBuildFile; fileRef = 0CF46DDC1B04AE6800578733 /* libsqlite3.dylib */; };
		0CF46DE81B04AE6800578733 /* libz.dylib in Frameworks */ = {isa = PBXBuildFile; fileRef = 0CF46DDD1B04AE6800578733 /* libz.dylib */; };
		0CF46DE91B04AE6800578733 /* MobileCoreServices.framework in Frameworks */ = {isa = PBXBuildFile; fileRef = 0CF46DDE1B04AE6800578733 /* MobileCoreServices.framework */; };
		0CF46DEA1B04AE6800578733 /* QuartzCore.framework in Frameworks */ = {isa = PBXBuildFile; fileRef = 0CF46DDF1B04AE6800578733 /* QuartzCore.framework */; };
		0CF46DEB1B04AE6800578733 /* Security.framework in Frameworks */ = {isa = PBXBuildFile; fileRef = 0CF46DE01B04AE6800578733 /* Security.framework */; };
		0CF46DEC1B04AE6800578733 /* StoreKit.framework in Frameworks */ = {isa = PBXBuildFile; fileRef = 0CF46DE11B04AE6800578733 /* StoreKit.framework */; };
		0CF46DED1B04AE6800578733 /* SystemConfiguration.framework in Frameworks */ = {isa = PBXBuildFile; fileRef = 0CF46DE21B04AE6800578733 /* SystemConfiguration.framework */; };
		0CF46DF11B04E7F000578733 /* Close_btn_grey@2x.png in Resources */ = {isa = PBXBuildFile; fileRef = 0CF46DF01B04E7F000578733 /* Close_btn_grey@2x.png */; };
		0CF46DF41B04E90600578733 /* edit@2x.png in Resources */ = {isa = PBXBuildFile; fileRef = 0CF46DF31B04E90600578733 /* edit@2x.png */; };
		0CF46DF91B04F55800578733 /* .gitignore in Resources */ = {isa = PBXBuildFile; fileRef = 0CF46DF81B04F55800578733 /* .gitignore */; };
		0CF46DFD1B05012C00578733 /* BaseApi.m in Sources */ = {isa = PBXBuildFile; fileRef = 0CF46DFC1B05012C00578733 /* BaseApi.m */; };
		0CF46DFF1B05083A00578733 /* Accounts.framework in Frameworks */ = {isa = PBXBuildFile; fileRef = 0CF46DFE1B05083A00578733 /* Accounts.framework */; };
		0CF46E011B05084200578733 /* Social.framework in Frameworks */ = {isa = PBXBuildFile; fileRef = 0CF46E001B05084200578733 /* Social.framework */; };
		63E8FA25825231570570BE98 /* libPods.a in Frameworks */ = {isa = PBXBuildFile; fileRef = 3E341E339868E66F115497F9 /* libPods.a */; };
/* End PBXBuildFile section */

/* Begin PBXContainerItemProxy section */
		0CF46DAE1B04A7F800578733 /* PBXContainerItemProxy */ = {
			isa = PBXContainerItemProxy;
			containerPortal = 0CF46D8C1B04A7F800578733 /* Project object */;
			proxyType = 1;
			remoteGlobalIDString = 0CF46D931B04A7F800578733;
			remoteInfo = TypeForm;
		};
/* End PBXContainerItemProxy section */

/* Begin PBXFileReference section */
		0CF46D941B04A7F800578733 /* TypeForm.app */ = {isa = PBXFileReference; explicitFileType = wrapper.application; includeInIndex = 0; path = TypeForm.app; sourceTree = BUILT_PRODUCTS_DIR; };
		0CF46D981B04A7F800578733 /* Info.plist */ = {isa = PBXFileReference; lastKnownFileType = text.plist.xml; path = Info.plist; sourceTree = "<group>"; };
		0CF46D991B04A7F800578733 /* main.m */ = {isa = PBXFileReference; lastKnownFileType = sourcecode.c.objc; path = main.m; sourceTree = "<group>"; };
		0CF46D9B1B04A7F800578733 /* AppDelegate.h */ = {isa = PBXFileReference; lastKnownFileType = sourcecode.c.h; path = AppDelegate.h; sourceTree = "<group>"; };
		0CF46D9C1B04A7F800578733 /* AppDelegate.m */ = {isa = PBXFileReference; lastKnownFileType = sourcecode.c.objc; path = AppDelegate.m; sourceTree = "<group>"; };
		0CF46DA21B04A7F800578733 /* Base */ = {isa = PBXFileReference; lastKnownFileType = file.storyboard; name = Base; path = Base.lproj/Main.storyboard; sourceTree = "<group>"; };
		0CF46DA41B04A7F800578733 /* Images.xcassets */ = {isa = PBXFileReference; lastKnownFileType = folder.assetcatalog; path = Images.xcassets; sourceTree = "<group>"; };
		0CF46DA71B04A7F800578733 /* Base */ = {isa = PBXFileReference; lastKnownFileType = file.xib; name = Base; path = Base.lproj/LaunchScreen.xib; sourceTree = "<group>"; };
		0CF46DAD1B04A7F800578733 /* TypeFormTests.xctest */ = {isa = PBXFileReference; explicitFileType = wrapper.cfbundle; includeInIndex = 0; path = TypeFormTests.xctest; sourceTree = BUILT_PRODUCTS_DIR; };
		0CF46DB21B04A7F800578733 /* Info.plist */ = {isa = PBXFileReference; lastKnownFileType = text.plist.xml; path = Info.plist; sourceTree = "<group>"; };
		0CF46DB31B04A7F800578733 /* TypeFormTests.m */ = {isa = PBXFileReference; lastKnownFileType = sourcecode.c.objc; path = TypeFormTests.m; sourceTree = "<group>"; };
		0CF46DBD1B04A82100578733 /* Form.h */ = {isa = PBXFileReference; fileEncoding = 4; lastKnownFileType = sourcecode.c.h; path = Form.h; sourceTree = "<group>"; };
		0CF46DBE1B04A82100578733 /* Form.m */ = {isa = PBXFileReference; fileEncoding = 4; lastKnownFileType = sourcecode.c.objc; path = Form.m; sourceTree = "<group>"; };
		0CF46DC01B04A82C00578733 /* Field.h */ = {isa = PBXFileReference; fileEncoding = 4; lastKnownFileType = sourcecode.c.h; path = Field.h; sourceTree = "<group>"; };
		0CF46DC11B04A82C00578733 /* Field.m */ = {isa = PBXFileReference; fileEncoding = 4; lastKnownFileType = sourcecode.c.objc; path = Field.m; sourceTree = "<group>"; };
		0CF46DC51B04A94300578733 /* Link.h */ = {isa = PBXFileReference; fileEncoding = 4; lastKnownFileType = sourcecode.c.h; path = Link.h; sourceTree = "<group>"; };
		0CF46DC61B04A94300578733 /* Link.m */ = {isa = PBXFileReference; fileEncoding = 4; lastKnownFileType = sourcecode.c.objc; path = Link.m; sourceTree = "<group>"; };
		0CF46DC81B04AC0100578733 /* FormListViewController.h */ = {isa = PBXFileReference; fileEncoding = 4; lastKnownFileType = sourcecode.c.h; path = FormListViewController.h; sourceTree = "<group>"; };
		0CF46DC91B04AC0100578733 /* FormListViewController.m */ = {isa = PBXFileReference; fileEncoding = 4; lastKnownFileType = sourcecode.c.objc; path = FormListViewController.m; sourceTree = "<group>"; };
		0CF46DCB1B04AC1D00578733 /* CreateFormViewController.h */ = {isa = PBXFileReference; fileEncoding = 4; lastKnownFileType = sourcecode.c.h; path = CreateFormViewController.h; sourceTree = "<group>"; };
		0CF46DCC1B04AC1D00578733 /* CreateFormViewController.m */ = {isa = PBXFileReference; fileEncoding = 4; lastKnownFileType = sourcecode.c.objc; path = CreateFormViewController.m; sourceTree = "<group>"; };
		0CF46DCE1B04AC2C00578733 /* CreateFieldViewController.h */ = {isa = PBXFileReference; fileEncoding = 4; lastKnownFileType = sourcecode.c.h; path = CreateFieldViewController.h; sourceTree = "<group>"; };
		0CF46DCF1B04AC2C00578733 /* CreateFieldViewController.m */ = {isa = PBXFileReference; fileEncoding = 4; lastKnownFileType = sourcecode.c.objc; path = CreateFieldViewController.m; sourceTree = "<group>"; };
		0CF46DD11B04AC9700578733 /* FormViewController.h */ = {isa = PBXFileReference; fileEncoding = 4; lastKnownFileType = sourcecode.c.h; path = FormViewController.h; sourceTree = "<group>"; };
		0CF46DD21B04AC9700578733 /* FormViewController.m */ = {isa = PBXFileReference; fileEncoding = 4; lastKnownFileType = sourcecode.c.objc; path = FormViewController.m; sourceTree = "<group>"; };
		0CF46DD41B04ADEB00578733 /* Bolts.framework */ = {isa = PBXFileReference; lastKnownFileType = wrapper.framework; path = Bolts.framework; sourceTree = "<group>"; };
		0CF46DD51B04ADEB00578733 /* Parse.framework */ = {isa = PBXFileReference; lastKnownFileType = wrapper.framework; path = Parse.framework; sourceTree = "<group>"; };
		0CF46DD81B04AE6800578733 /* AudioToolbox.framework */ = {isa = PBXFileReference; lastKnownFileType = wrapper.framework; name = AudioToolbox.framework; path = System/Library/Frameworks/AudioToolbox.framework; sourceTree = SDKROOT; };
		0CF46DD91B04AE6800578733 /* CFNetwork.framework */ = {isa = PBXFileReference; lastKnownFileType = wrapper.framework; name = CFNetwork.framework; path = System/Library/Frameworks/CFNetwork.framework; sourceTree = SDKROOT; };
		0CF46DDA1B04AE6800578733 /* CoreGraphics.framework */ = {isa = PBXFileReference; lastKnownFileType = wrapper.framework; name = CoreGraphics.framework; path = System/Library/Frameworks/CoreGraphics.framework; sourceTree = SDKROOT; };
		0CF46DDB1B04AE6800578733 /* CoreLocation.framework */ = {isa = PBXFileReference; lastKnownFileType = wrapper.framework; name = CoreLocation.framework; path = System/Library/Frameworks/CoreLocation.framework; sourceTree = SDKROOT; };
		0CF46DDC1B04AE6800578733 /* libsqlite3.dylib */ = {isa = PBXFileReference; lastKnownFileType = "compiled.mach-o.dylib"; name = libsqlite3.dylib; path = usr/lib/libsqlite3.dylib; sourceTree = SDKROOT; };
		0CF46DDD1B04AE6800578733 /* libz.dylib */ = {isa = PBXFileReference; lastKnownFileType = "compiled.mach-o.dylib"; name = libz.dylib; path = usr/lib/libz.dylib; sourceTree = SDKROOT; };
		0CF46DDE1B04AE6800578733 /* MobileCoreServices.framework */ = {isa = PBXFileReference; lastKnownFileType = wrapper.framework; name = MobileCoreServices.framework; path = System/Library/Frameworks/MobileCoreServices.framework; sourceTree = SDKROOT; };
		0CF46DDF1B04AE6800578733 /* QuartzCore.framework */ = {isa = PBXFileReference; lastKnownFileType = wrapper.framework; name = QuartzCore.framework; path = System/Library/Frameworks/QuartzCore.framework; sourceTree = SDKROOT; };
		0CF46DE01B04AE6800578733 /* Security.framework */ = {isa = PBXFileReference; lastKnownFileType = wrapper.framework; name = Security.framework; path = System/Library/Frameworks/Security.framework; sourceTree = SDKROOT; };
		0CF46DE11B04AE6800578733 /* StoreKit.framework */ = {isa = PBXFileReference; lastKnownFileType = wrapper.framework; name = StoreKit.framework; path = System/Library/Frameworks/StoreKit.framework; sourceTree = SDKROOT; };
		0CF46DE21B04AE6800578733 /* SystemConfiguration.framework */ = {isa = PBXFileReference; lastKnownFileType = wrapper.framework; name = SystemConfiguration.framework; path = System/Library/Frameworks/SystemConfiguration.framework; sourceTree = SDKROOT; };
		0CF46DF01B04E7F000578733 /* Close_btn_grey@2x.png */ = {isa = PBXFileReference; lastKnownFileType = image.png; path = "Close_btn_grey@2x.png"; sourceTree = "<group>"; };
		0CF46DF31B04E90600578733 /* edit@2x.png */ = {isa = PBXFileReference; lastKnownFileType = image.png; path = "edit@2x.png"; sourceTree = "<group>"; };
		0CF46DF51B04F3EC00578733 /* Defines.h */ = {isa = PBXFileReference; lastKnownFileType = sourcecode.c.h; path = Defines.h; sourceTree = "<group>"; };
		0CF46DF81B04F55800578733 /* .gitignore */ = {isa = PBXFileReference; fileEncoding = 4; lastKnownFileType = text; path = .gitignore; sourceTree = "<group>"; };
		0CF46DFA1B04F59700578733 /* Global.h */ = {isa = PBXFileReference; lastKnownFileType = sourcecode.c.h; path = Global.h; sourceTree = "<group>"; };
		0CF46DFB1B05012C00578733 /* BaseApi.h */ = {isa = PBXFileReference; fileEncoding = 4; lastKnownFileType = sourcecode.c.h; path = BaseApi.h; sourceTree = "<group>"; };
		0CF46DFC1B05012C00578733 /* BaseApi.m */ = {isa = PBXFileReference; fileEncoding = 4; lastKnownFileType = sourcecode.c.objc; path = BaseApi.m; sourceTree = "<group>"; };
		0CF46DFE1B05083A00578733 /* Accounts.framework */ = {isa = PBXFileReference; lastKnownFileType = wrapper.framework; name = Accounts.framework; path = System/Library/Frameworks/Accounts.framework; sourceTree = SDKROOT; };
		0CF46E001B05084200578733 /* Social.framework */ = {isa = PBXFileReference; lastKnownFileType = wrapper.framework; name = Social.framework; path = System/Library/Frameworks/Social.framework; sourceTree = SDKROOT; };
		3E341E339868E66F115497F9 /* libPods.a */ = {isa = PBXFileReference; explicitFileType = archive.ar; includeInIndex = 0; path = libPods.a; sourceTree = BUILT_PRODUCTS_DIR; };
		7BD558F2F4E1342F200561BA /* Pods.release.xcconfig */ = {isa = PBXFileReference; includeInIndex = 1; lastKnownFileType = text.xcconfig; name = Pods.release.xcconfig; path = "Pods/Target Support Files/Pods/Pods.release.xcconfig"; sourceTree = "<group>"; };
		F2EB8DC2AF572E1360E22A8F /* Pods.debug.xcconfig */ = {isa = PBXFileReference; includeInIndex = 1; lastKnownFileType = text.xcconfig; name = Pods.debug.xcconfig; path = "Pods/Target Support Files/Pods/Pods.debug.xcconfig"; sourceTree = "<group>"; };
/* End PBXFileReference section */

/* Begin PBXFrameworksBuildPhase section */
		0CF46D911B04A7F800578733 /* Frameworks */ = {
			isa = PBXFrameworksBuildPhase;
			buildActionMask = 2147483647;
			files = (
				0CF46E011B05084200578733 /* Social.framework in Frameworks */,
				0CF46DFF1B05083A00578733 /* Accounts.framework in Frameworks */,
				0CF46DE31B04AE6800578733 /* AudioToolbox.framework in Frameworks */,
				0CF46DE41B04AE6800578733 /* CFNetwork.framework in Frameworks */,
				0CF46DE51B04AE6800578733 /* CoreGraphics.framework in Frameworks */,
				0CF46DE61B04AE6800578733 /* CoreLocation.framework in Frameworks */,
				0CF46DE71B04AE6800578733 /* libsqlite3.dylib in Frameworks */,
				0CF46DE81B04AE6800578733 /* libz.dylib in Frameworks */,
				0CF46DE91B04AE6800578733 /* MobileCoreServices.framework in Frameworks */,
				0CF46DEA1B04AE6800578733 /* QuartzCore.framework in Frameworks */,
				0CF46DEB1B04AE6800578733 /* Security.framework in Frameworks */,
				0CF46DEC1B04AE6800578733 /* StoreKit.framework in Frameworks */,
				0CF46DED1B04AE6800578733 /* SystemConfiguration.framework in Frameworks */,
				0CF46DD71B04ADEB00578733 /* Parse.framework in Frameworks */,
				0CF46DD61B04ADEB00578733 /* Bolts.framework in Frameworks */,
				63E8FA25825231570570BE98 /* libPods.a in Frameworks */,
			);
			runOnlyForDeploymentPostprocessing = 0;
		};
		0CF46DAA1B04A7F800578733 /* Frameworks */ = {
			isa = PBXFrameworksBuildPhase;
			buildActionMask = 2147483647;
			files = (
			);
			runOnlyForDeploymentPostprocessing = 0;
		};
/* End PBXFrameworksBuildPhase section */

/* Begin PBXGroup section */
		0CF46D8B1B04A7F800578733 = {
			isa = PBXGroup;
			children = (
				0CF46D961B04A7F800578733 /* TypeForm */,
				0CF46DB01B04A7F800578733 /* TypeFormTests */,
				0CF46D951B04A7F800578733 /* Products */,
				150E1DA62A7C6E1E7EA4546B /* Pods */,
				83C908A6A967E535152B7F18 /* Frameworks */,
			);
			sourceTree = "<group>";
		};
		0CF46D951B04A7F800578733 /* Products */ = {
			isa = PBXGroup;
			children = (
				0CF46D941B04A7F800578733 /* TypeForm.app */,
				0CF46DAD1B04A7F800578733 /* TypeFormTests.xctest */,
			);
			name = Products;
			sourceTree = "<group>";
		};
		0CF46D961B04A7F800578733 /* TypeForm */ = {
			isa = PBXGroup;
			children = (
				0CF46D9B1B04A7F800578733 /* AppDelegate.h */,
				0CF46D9C1B04A7F800578733 /* AppDelegate.m */,
				0CF46DF81B04F55800578733 /* .gitignore */,
				0CF46DC41B04A83D00578733 /* View Controllers */,
				0CF46DC31B04A83200578733 /* Models */,
				0CF46DA11B04A7F800578733 /* Main.storyboard */,
				0CF46DF21B04E7F600578733 /* Images */,
				0CF46DA41B04A7F800578733 /* Images.xcassets */,
				0CF46DA61B04A7F800578733 /* LaunchScreen.xib */,
				0CF46DEE1B04AE7600578733 /* Frameworks */,
				0CF46D971B04A7F800578733 /* Supporting Files */,
			);
			path = TypeForm;
			sourceTree = "<group>";
		};
		0CF46D971B04A7F800578733 /* Supporting Files */ = {
			isa = PBXGroup;
			children = (
				0CF46D981B04A7F800578733 /* Info.plist */,
				0CF46D991B04A7F800578733 /* main.m */,
			);
			name = "Supporting Files";
			sourceTree = "<group>";
		};
		0CF46DB01B04A7F800578733 /* TypeFormTests */ = {
			isa = PBXGroup;
			children = (
				0CF46DB31B04A7F800578733 /* TypeFormTests.m */,
				0CF46DB11B04A7F800578733 /* Supporting Files */,
			);
			path = TypeFormTests;
			sourceTree = "<group>";
		};
		0CF46DB11B04A7F800578733 /* Supporting Files */ = {
			isa = PBXGroup;
			children = (
				0CF46DB21B04A7F800578733 /* Info.plist */,
			);
			name = "Supporting Files";
			sourceTree = "<group>";
		};
		0CF46DC31B04A83200578733 /* Models */ = {
			isa = PBXGroup;
			children = (
				0CF46DFB1B05012C00578733 /* BaseApi.h */,
				0CF46DFC1B05012C00578733 /* BaseApi.m */,
				0CF46DBD1B04A82100578733 /* Form.h */,
				0CF46DBE1B04A82100578733 /* Form.m */,
				0CF46DC01B04A82C00578733 /* Field.h */,
				0CF46DC11B04A82C00578733 /* Field.m */,
				0CF46DC51B04A94300578733 /* Link.h */,
				0CF46DC61B04A94300578733 /* Link.m */,
				0CF46DF51B04F3EC00578733 /* Defines.h */,
				0CF46DFA1B04F59700578733 /* Global.h */,
			);
			name = Models;
			sourceTree = "<group>";
		};
		0CF46DC41B04A83D00578733 /* View Controllers */ = {
			isa = PBXGroup;
			children = (
				0CF46DC81B04AC0100578733 /* FormListViewController.h */,
				0CF46DC91B04AC0100578733 /* FormListViewController.m */,
				0CF46DCB1B04AC1D00578733 /* CreateFormViewController.h */,
				0CF46DCC1B04AC1D00578733 /* CreateFormViewController.m */,
				0CF46DCE1B04AC2C00578733 /* CreateFieldViewController.h */,
				0CF46DCF1B04AC2C00578733 /* CreateFieldViewController.m */,
				0CF46DD11B04AC9700578733 /* FormViewController.h */,
				0CF46DD21B04AC9700578733 /* FormViewController.m */,
			);
			name = "View Controllers";
			sourceTree = "<group>";
		};
		0CF46DEE1B04AE7600578733 /* Frameworks */ = {
			isa = PBXGroup;
			children = (
				0CF46DD81B04AE6800578733 /* AudioToolbox.framework */,
				0CF46DD91B04AE6800578733 /* CFNetwork.framework */,
				0CF46DDA1B04AE6800578733 /* CoreGraphics.framework */,
				0CF46DDB1B04AE6800578733 /* CoreLocation.framework */,
				0CF46DDC1B04AE6800578733 /* libsqlite3.dylib */,
				0CF46DDD1B04AE6800578733 /* libz.dylib */,
				0CF46DDE1B04AE6800578733 /* MobileCoreServices.framework */,
				0CF46DDF1B04AE6800578733 /* QuartzCore.framework */,
				0CF46DE01B04AE6800578733 /* Security.framework */,
				0CF46DE11B04AE6800578733 /* StoreKit.framework */,
				0CF46DE21B04AE6800578733 /* SystemConfiguration.framework */,
				0CF46DD41B04ADEB00578733 /* Bolts.framework */,
				0CF46DD51B04ADEB00578733 /* Parse.framework */,
			);
			name = Frameworks;
			sourceTree = "<group>";
		};
		0CF46DF21B04E7F600578733 /* Images */ = {
			isa = PBXGroup;
			children = (
				0CF46DF31B04E90600578733 /* edit@2x.png */,
				0CF46DF01B04E7F000578733 /* Close_btn_grey@2x.png */,
			);
			name = Images;
			sourceTree = "<group>";
		};
		150E1DA62A7C6E1E7EA4546B /* Pods */ = {
			isa = PBXGroup;
			children = (
				F2EB8DC2AF572E1360E22A8F /* Pods.debug.xcconfig */,
				7BD558F2F4E1342F200561BA /* Pods.release.xcconfig */,
			);
			name = Pods;
			sourceTree = "<group>";
		};
		83C908A6A967E535152B7F18 /* Frameworks */ = {
			isa = PBXGroup;
			children = (
				0CF46E001B05084200578733 /* Social.framework */,
				0CF46DFE1B05083A00578733 /* Accounts.framework */,
				3E341E339868E66F115497F9 /* libPods.a */,
			);
			name = Frameworks;
			sourceTree = "<group>";
		};
/* End PBXGroup section */

/* Begin PBXNativeTarget section */
		0CF46D931B04A7F800578733 /* TypeForm */ = {
			isa = PBXNativeTarget;
			buildConfigurationList = 0CF46DB71B04A7F800578733 /* Build configuration list for PBXNativeTarget "TypeForm" */;
			buildPhases = (
				4899815838056257A50C6717 /* Check Pods Manifest.lock */,
				0CF46D901B04A7F800578733 /* Sources */,
				0CF46D911B04A7F800578733 /* Frameworks */,
				0CF46D921B04A7F800578733 /* Resources */,
				E09FFE9805D592CDDA882E39 /* Copy Pods Resources */,
			);
			buildRules = (
			);
			dependencies = (
			);
			name = TypeForm;
			productName = TypeForm;
			productReference = 0CF46D941B04A7F800578733 /* TypeForm.app */;
			productType = "com.apple.product-type.application";
		};
		0CF46DAC1B04A7F800578733 /* TypeFormTests */ = {
			isa = PBXNativeTarget;
			buildConfigurationList = 0CF46DBA1B04A7F800578733 /* Build configuration list for PBXNativeTarget "TypeFormTests" */;
			buildPhases = (
				0CF46DA91B04A7F800578733 /* Sources */,
				0CF46DAA1B04A7F800578733 /* Frameworks */,
				0CF46DAB1B04A7F800578733 /* Resources */,
			);
			buildRules = (
			);
			dependencies = (
				0CF46DAF1B04A7F800578733 /* PBXTargetDependency */,
			);
			name = TypeFormTests;
			productName = TypeFormTests;
			productReference = 0CF46DAD1B04A7F800578733 /* TypeFormTests.xctest */;
			productType = "com.apple.product-type.bundle.unit-test";
		};
/* End PBXNativeTarget section */

/* Begin PBXProject section */
		0CF46D8C1B04A7F800578733 /* Project object */ = {
			isa = PBXProject;
			attributes = {
				LastUpgradeCheck = 0630;
				ORGANIZATIONNAME = Nuwe;
				TargetAttributes = {
					0CF46D931B04A7F800578733 = {
						CreatedOnToolsVersion = 6.3;
					};
					0CF46DAC1B04A7F800578733 = {
						CreatedOnToolsVersion = 6.3;
						TestTargetID = 0CF46D931B04A7F800578733;
					};
				};
			};
			buildConfigurationList = 0CF46D8F1B04A7F800578733 /* Build configuration list for PBXProject "TypeForm" */;
			compatibilityVersion = "Xcode 3.2";
			developmentRegion = English;
			hasScannedForEncodings = 0;
			knownRegions = (
				en,
				Base,
			);
			mainGroup = 0CF46D8B1B04A7F800578733;
			productRefGroup = 0CF46D951B04A7F800578733 /* Products */;
			projectDirPath = "";
			projectRoot = "";
			targets = (
				0CF46D931B04A7F800578733 /* TypeForm */,
				0CF46DAC1B04A7F800578733 /* TypeFormTests */,
			);
		};
/* End PBXProject section */

/* Begin PBXResourcesBuildPhase section */
		0CF46D921B04A7F800578733 /* Resources */ = {
			isa = PBXResourcesBuildPhase;
			buildActionMask = 2147483647;
			files = (
				0CF46DF91B04F55800578733 /* .gitignore in Resources */,
				0CF46DA31B04A7F800578733 /* Main.storyboard in Resources */,
				0CF46DF11B04E7F000578733 /* Close_btn_grey@2x.png in Resources */,
				0CF46DA81B04A7F800578733 /* LaunchScreen.xib in Resources */,
				0CF46DF41B04E90600578733 /* edit@2x.png in Resources */,
				0CF46DA51B04A7F800578733 /* Images.xcassets in Resources */,
			);
			runOnlyForDeploymentPostprocessing = 0;
		};
		0CF46DAB1B04A7F800578733 /* Resources */ = {
			isa = PBXResourcesBuildPhase;
			buildActionMask = 2147483647;
			files = (
			);
			runOnlyForDeploymentPostprocessing = 0;
		};
/* End PBXResourcesBuildPhase section */

/* Begin PBXShellScriptBuildPhase section */
		4899815838056257A50C6717 /* Check Pods Manifest.lock */ = {
			isa = PBXShellScriptBuildPhase;
			buildActionMask = 2147483647;
			files = (
			);
			inputPaths = (
			);
			name = "Check Pods Manifest.lock";
			outputPaths = (
			);
			runOnlyForDeploymentPostprocessing = 0;
			shellPath = /bin/sh;
			shellScript = "diff \"${PODS_ROOT}/../Podfile.lock\" \"${PODS_ROOT}/Manifest.lock\" > /dev/null\nif [[ $? != 0 ]] ; then\n    cat << EOM\nerror: The sandbox is not in sync with the Podfile.lock. Run 'pod install' or update your CocoaPods installation.\nEOM\n    exit 1\nfi\n";
			showEnvVarsInLog = 0;
		};
		E09FFE9805D592CDDA882E39 /* Copy Pods Resources */ = {
			isa = PBXShellScriptBuildPhase;
			buildActionMask = 2147483647;
			files = (
			);
			inputPaths = (
			);
			name = "Copy Pods Resources";
			outputPaths = (
			);
			runOnlyForDeploymentPostprocessing = 0;
			shellPath = /bin/sh;
			shellScript = "\"${SRCROOT}/Pods/Target Support Files/Pods/Pods-resources.sh\"\n";
			showEnvVarsInLog = 0;
		};
/* End PBXShellScriptBuildPhase section */

/* Begin PBXSourcesBuildPhase section */
		0CF46D901B04A7F800578733 /* Sources */ = {
			isa = PBXSourcesBuildPhase;
			buildActionMask = 2147483647;
			files = (
				0CF46DC71B04A94300578733 /* Link.m in Sources */,
				0CF46DCD1B04AC1D00578733 /* CreateFormViewController.m in Sources */,
				0CF46DBF1B04A82100578733 /* Form.m in Sources */,
				0CF46DCA1B04AC0100578733 /* FormListViewController.m in Sources */,
				0CF46D9D1B04A7F800578733 /* AppDelegate.m in Sources */,
				0CF46DFD1B05012C00578733 /* BaseApi.m in Sources */,
				0CF46DD01B04AC2C00578733 /* CreateFieldViewController.m in Sources */,
				0CF46DD31B04AC9700578733 /* FormViewController.m in Sources */,
				0CF46D9A1B04A7F800578733 /* main.m in Sources */,
				0CF46DC21B04A82C00578733 /* Field.m in Sources */,
			);
			runOnlyForDeploymentPostprocessing = 0;
		};
		0CF46DA91B04A7F800578733 /* Sources */ = {
			isa = PBXSourcesBuildPhase;
			buildActionMask = 2147483647;
			files = (
				0CF46DB41B04A7F800578733 /* TypeFormTests.m in Sources */,
			);
			runOnlyForDeploymentPostprocessing = 0;
		};
/* End PBXSourcesBuildPhase section */

/* Begin PBXTargetDependency section */
		0CF46DAF1B04A7F800578733 /* PBXTargetDependency */ = {
			isa = PBXTargetDependency;
			target = 0CF46D931B04A7F800578733 /* TypeForm */;
			targetProxy = 0CF46DAE1B04A7F800578733 /* PBXContainerItemProxy */;
		};
/* End PBXTargetDependency section */

/* Begin PBXVariantGroup section */
		0CF46DA11B04A7F800578733 /* Main.storyboard */ = {
			isa = PBXVariantGroup;
			children = (
				0CF46DA21B04A7F800578733 /* Base */,
			);
			name = Main.storyboard;
			sourceTree = "<group>";
		};
		0CF46DA61B04A7F800578733 /* LaunchScreen.xib */ = {
			isa = PBXVariantGroup;
			children = (
				0CF46DA71B04A7F800578733 /* Base */,
			);
			name = LaunchScreen.xib;
			sourceTree = "<group>";
		};
/* End PBXVariantGroup section */

/* Begin XCBuildConfiguration section */
		0CF46DB51B04A7F800578733 /* Debug */ = {
			isa = XCBuildConfiguration;
			buildSettings = {
				ALWAYS_SEARCH_USER_PATHS = NO;
				CLANG_CXX_LANGUAGE_STANDARD = "gnu++0x";
				CLANG_CXX_LIBRARY = "libc++";
				CLANG_ENABLE_MODULES = YES;
				CLANG_ENABLE_OBJC_ARC = YES;
				CLANG_WARN_BOOL_CONVERSION = YES;
				CLANG_WARN_CONSTANT_CONVERSION = YES;
				CLANG_WARN_DIRECT_OBJC_ISA_USAGE = YES_ERROR;
				CLANG_WARN_EMPTY_BODY = YES;
				CLANG_WARN_ENUM_CONVERSION = YES;
				CLANG_WARN_INT_CONVERSION = YES;
				CLANG_WARN_OBJC_ROOT_CLASS = YES_ERROR;
				CLANG_WARN_UNREACHABLE_CODE = YES;
				CLANG_WARN__DUPLICATE_METHOD_MATCH = YES;
				"CODE_SIGN_IDENTITY[sdk=iphoneos*]" = "iPhone Developer";
				COPY_PHASE_STRIP = NO;
				DEBUG_INFORMATION_FORMAT = "dwarf-with-dsym";
				ENABLE_STRICT_OBJC_MSGSEND = YES;
				GCC_C_LANGUAGE_STANDARD = gnu99;
				GCC_DYNAMIC_NO_PIC = NO;
				GCC_NO_COMMON_BLOCKS = YES;
				GCC_OPTIMIZATION_LEVEL = 0;
				GCC_PREPROCESSOR_DEFINITIONS = (
					"DEBUG=1",
					"$(inherited)",
				);
				GCC_SYMBOLS_PRIVATE_EXTERN = NO;
				GCC_WARN_64_TO_32_BIT_CONVERSION = YES;
				GCC_WARN_ABOUT_RETURN_TYPE = YES_ERROR;
				GCC_WARN_UNDECLARED_SELECTOR = YES;
				GCC_WARN_UNINITIALIZED_AUTOS = YES_AGGRESSIVE;
				GCC_WARN_UNUSED_FUNCTION = YES;
				GCC_WARN_UNUSED_VARIABLE = YES;
				IPHONEOS_DEPLOYMENT_TARGET = 8.3;
				MTL_ENABLE_DEBUG_INFO = YES;
				ONLY_ACTIVE_ARCH = YES;
				SDKROOT = iphoneos;
			};
			name = Debug;
		};
		0CF46DB61B04A7F800578733 /* Release */ = {
			isa = XCBuildConfiguration;
			buildSettings = {
				ALWAYS_SEARCH_USER_PATHS = NO;
				CLANG_CXX_LANGUAGE_STANDARD = "gnu++0x";
				CLANG_CXX_LIBRARY = "libc++";
				CLANG_ENABLE_MODULES = YES;
				CLANG_ENABLE_OBJC_ARC = YES;
				CLANG_WARN_BOOL_CONVERSION = YES;
				CLANG_WARN_CONSTANT_CONVERSION = YES;
				CLANG_WARN_DIRECT_OBJC_ISA_USAGE = YES_ERROR;
				CLANG_WARN_EMPTY_BODY = YES;
				CLANG_WARN_ENUM_CONVERSION = YES;
				CLANG_WARN_INT_CONVERSION = YES;
				CLANG_WARN_OBJC_ROOT_CLASS = YES_ERROR;
				CLANG_WARN_UNREACHABLE_CODE = YES;
				CLANG_WARN__DUPLICATE_METHOD_MATCH = YES;
				"CODE_SIGN_IDENTITY[sdk=iphoneos*]" = "iPhone Developer";
				COPY_PHASE_STRIP = NO;
				DEBUG_INFORMATION_FORMAT = "dwarf-with-dsym";
				ENABLE_NS_ASSERTIONS = NO;
				ENABLE_STRICT_OBJC_MSGSEND = YES;
				GCC_C_LANGUAGE_STANDARD = gnu99;
				GCC_NO_COMMON_BLOCKS = YES;
				GCC_WARN_64_TO_32_BIT_CONVERSION = YES;
				GCC_WARN_ABOUT_RETURN_TYPE = YES_ERROR;
				GCC_WARN_UNDECLARED_SELECTOR = YES;
				GCC_WARN_UNINITIALIZED_AUTOS = YES_AGGRESSIVE;
				GCC_WARN_UNUSED_FUNCTION = YES;
				GCC_WARN_UNUSED_VARIABLE = YES;
				IPHONEOS_DEPLOYMENT_TARGET = 8.3;
				MTL_ENABLE_DEBUG_INFO = NO;
				SDKROOT = iphoneos;
				VALIDATE_PRODUCT = YES;
			};
			name = Release;
		};
		0CF46DB81B04A7F800578733 /* Debug */ = {
			isa = XCBuildConfiguration;
			baseConfigurationReference = F2EB8DC2AF572E1360E22A8F /* Pods.debug.xcconfig */;
			buildSettings = {
				ASSETCATALOG_COMPILER_APPICON_NAME = AppIcon;
				FRAMEWORK_SEARCH_PATHS = (
					"$(inherited)",
					"$(PROJECT_DIR)/TypeForm",
				);
				INFOPLIST_FILE = TypeForm/Info.plist;
				LD_RUNPATH_SEARCH_PATHS = "$(inherited) @executable_path/Frameworks";
				PRODUCT_NAME = "$(TARGET_NAME)";
			};
			name = Debug;
		};
		0CF46DB91B04A7F800578733 /* Release */ = {
			isa = XCBuildConfiguration;
			baseConfigurationReference = 7BD558F2F4E1342F200561BA /* Pods.release.xcconfig */;
			buildSettings = {
				ASSETCATALOG_COMPILER_APPICON_NAME = AppIcon;
				FRAMEWORK_SEARCH_PATHS = (
					"$(inherited)",
					"$(PROJECT_DIR)/TypeForm",
				);
				INFOPLIST_FILE = TypeForm/Info.plist;
				LD_RUNPATH_SEARCH_PATHS = "$(inherited) @executable_path/Frameworks";
				PRODUCT_NAME = "$(TARGET_NAME)";
			};
			name = Release;
		};
		0CF46DBB1B04A7F800578733 /* Debug */ = {
			isa = XCBuildConfiguration;
			buildSettings = {
				BUNDLE_LOADER = "$(TEST_HOST)";
				FRAMEWORK_SEARCH_PATHS = (
					"$(SDKROOT)/Developer/Library/Frameworks",
					"$(inherited)",
				);
				GCC_PREPROCESSOR_DEFINITIONS = (
					"DEBUG=1",
					"$(inherited)",
				);
				INFOPLIST_FILE = TypeFormTests/Info.plist;
				LD_RUNPATH_SEARCH_PATHS = "$(inherited) @executable_path/Frameworks @loader_path/Frameworks";
				PRODUCT_NAME = "$(TARGET_NAME)";
				TEST_HOST = "$(BUILT_PRODUCTS_DIR)/TypeForm.app/TypeForm";
			};
			name = Debug;
		};
		0CF46DBC1B04A7F800578733 /* Release */ = {
			isa = XCBuildConfiguration;
			buildSettings = {
				BUNDLE_LOADER = "$(TEST_HOST)";
				FRAMEWORK_SEARCH_PATHS = (
					"$(SDKROOT)/Developer/Library/Frameworks",
					"$(inherited)",
				);
				INFOPLIST_FILE = TypeFormTests/Info.plist;
				LD_RUNPATH_SEARCH_PATHS = "$(inherited) @executable_path/Frameworks @loader_path/Frameworks";
				PRODUCT_NAME = "$(TARGET_NAME)";
				TEST_HOST = "$(BUILT_PRODUCTS_DIR)/TypeForm.app/TypeForm";
			};
			name = Release;
		};
/* End XCBuildConfiguration section */

/* Begin XCConfigurationList section */
		0CF46D8F1B04A7F800578733 /* Build configuration list for PBXProject "TypeForm" */ = {
			isa = XCConfigurationList;
			buildConfigurations = (
				0CF46DB51B04A7F800578733 /* Debug */,
				0CF46DB61B04A7F800578733 /* Release */,
			);
			defaultConfigurationIsVisible = 0;
			defaultConfigurationName = Release;
		};
		0CF46DB71B04A7F800578733 /* Build configuration list for PBXNativeTarget "TypeForm" */ = {
			isa = XCConfigurationList;
			buildConfigurations = (
				0CF46DB81B04A7F800578733 /* Debug */,
				0CF46DB91B04A7F800578733 /* Release */,
			);
			defaultConfigurationIsVisible = 0;
			defaultConfigurationName = Release;
		};
		0CF46DBA1B04A7F800578733 /* Build configuration list for PBXNativeTarget "TypeFormTests" */ = {
			isa = XCConfigurationList;
			buildConfigurations = (
				0CF46DBB1B04A7F800578733 /* Debug */,
				0CF46DBC1B04A7F800578733 /* Release */,
			);
			defaultConfigurationIsVisible = 0;
			defaultConfigurationName = Release;
		};
/* End XCConfigurationList section */
	};
	rootObject = 0CF46D8C1B04A7F800578733 /* Project object */;
}
